<?xml version="1.0" encoding="utf-8"?>
<Project ToolsVersion="4.0" xmlns="http://schemas.microsoft.com/developer/msbuild/2003">
  <ItemGroup>
    <Filter Include="Resource Files">
      <UniqueIdentifier>{67DA6AB6-F800-4c08-8B7A-83BB121AAD01}</UniqueIdentifier>
      <Extensions>rc;ico;cur;bmp;dlg;rc2;rct;bin;rgs;gif;jpg;jpeg;jpe;resx;tiff;tif;png;wav;mfcribbon-ms</Extensions>
    </Filter>
    <Filter Include="Marketadata">
      <UniqueIdentifier>{d7a97691-d879-4f59-a114-8c0e0587bf31}</UniqueIdentifier>
    </Filter>
    <Filter Include="Date">
      <UniqueIdentifier>{356c645b-0a11-416d-8b55-49c288e2fba9}</UniqueIdentifier>
    </Filter>
    <Filter Include="Instrument">
      <UniqueIdentifier>{c3a189b5-7ae2-47a5-ad70-92f1316376dc}</UniqueIdentifier>
    </Filter>
    <Filter Include="Model">
      <UniqueIdentifier>{62d1382e-725d-40c6-a41b-5910ddd77993}</UniqueIdentifier>
    </Filter>
    <Filter Include="Pricer">
      <UniqueIdentifier>{3a2bcbda-8028-49c8-aacf-a70574df874d}</UniqueIdentifier>
    </Filter>
    <Filter Include="Utilities">
      <UniqueIdentifier>{ae704437-095f-4644-a815-013578ef964b}</UniqueIdentifier>
    </Filter>
    <Filter Include="Marketadata\Curve">
      <UniqueIdentifier>{86192fbf-b86a-4a81-ad76-198a60b70f0a}</UniqueIdentifier>
    </Filter>
  </ItemGroup>
  <ItemGroup>
    <ClCompile Include="Marketdata.cpp">
      <Filter>Marketadata</Filter>
    </ClCompile>
    <ClCompile Include="Quantanalytics.cpp" />
    <ClCompile Include="Date.cpp">
      <Filter>Date</Filter>
    </ClCompile>
    <ClCompile Include="Instrument.cpp">
      <Filter>Instrument</Filter>
    </ClCompile>
    <ClCompile Include="Flow.cpp">
      <Filter>Date</Filter>
    </ClCompile>
    <ClCompile Include="Swap.cpp">
      <Filter>Instrument</Filter>
    </ClCompile>
    <ClCompile Include="Deposit.cpp">
      <Filter>Instrument</Filter>
    </ClCompile>
    <ClCompile Include="Model.cpp">
      <Filter>Model</Filter>
    </ClCompile>
    <ClCompile Include="Model_Helpers.cpp">
      <Filter>Model</Filter>
    </ClCompile>
    <ClCompile Include="Instrument_Helpers.cpp">
      <Filter>Instrument</Filter>
    </ClCompile>
    <ClCompile Include="Marketdata_Helper.cpp" />
    <ClCompile Include="Curve.cpp">
      <Filter>Marketadata\Curve</Filter>
    </ClCompile>
    <ClCompile Include="Curve_Helper.cpp" />
  </ItemGroup>
  <ItemGroup>
    <ClInclude Include="Marketdata.h">
      <Filter>Marketadata</Filter>
    </ClInclude>
    <ClInclude Include="Date.h">
      <Filter>Date</Filter>
    </ClInclude>
    <ClInclude Include="Constants.h">
      <Filter>Utilities</Filter>
    </ClInclude>
    <ClInclude Include="Instrument.h">
      <Filter>Instrument</Filter>
    </ClInclude>
    <ClInclude Include="Flow.h">
      <Filter>Date</Filter>
    </ClInclude>
    <ClInclude Include="Swap.h">
      <Filter>Instrument</Filter>
    </ClInclude>
    <ClInclude Include="Deposit.h">
      <Filter>Instrument</Filter>
    </ClInclude>
    <ClInclude Include="Model.h">
      <Filter>Model</Filter>
    </ClInclude>
    <ClInclude Include="Model_Helpers.h">
      <Filter>Model</Filter>
    </ClInclude>
    <ClInclude Include="Instrument_Helpers.h">
      <Filter>Instrument</Filter>
    </ClInclude>
    <ClInclude Include="Marketdata_Helper.h" />
    <ClInclude Include="Curve.h">
      <Filter>Marketadata\Curve</Filter>
    </ClInclude>
    <ClInclude Include="Curve_Helper.h" />
  </ItemGroup>
</Project>